Microsoft Visual Studio Solution File, Format Version 12.00
# Visual Studio Version 17
VisualStudioVersion = 17.5.2.0
MinimumVisualStudioVersion = 10.0.40219.1
Project("{FAE04EC0-301F-11D3-BF4B-00C04F79EFBC}") = "PurchaseRequestsService", "PurchaseRequestsService.csproj", "{852CD053-B27B-7808-1E36-05AE5F6AF959}"
EndProject
Global
	GlobalSection(SolutionConfigurationPlatforms) = preSolution
		Debug|Any CPU = Debug|Any CPU
		Release|Any CPU = Release|Any CPU
	EndGlobalSection
	GlobalSection(ProjectConfigurationPlatforms) = postSolution
		{852CD053-B27B-7808-1E36-05AE5F6AF959}.Debug|Any CPU.ActiveCfg = Debug|Any CPU
		{852CD053-B27B-7808-1E36-05AE5F6AF959}.Debug|Any CPU.Build.0 = Debug|Any CPU
		{852CD053-B27B-7808-1E36-05AE5F6AF959}.Release|Any CPU.ActiveCfg = Release|Any CPU
		{852CD053-B27B-7808-1E36-05AE5F6AF959}.Release|Any CPU.Build.0 = Release|Any CPU
	EndGlobalSection
	GlobalSection(SolutionProperties) = preSolution
		HideSolutionNode = FALSE
	EndGlobalSection
	GlobalSection(ExtensibilityGlobals) = postSolution
		SolutionGuid = {1CBE51B6-485F-482E-BC8B-133D131094CF}
	EndGlobalSection
EndGlobal
